
Microsoft Visual Studio Solution File, Format Version 12.00
# Visual Studio 15
VisualStudioVersion = 15.0.26124.0
MinimumVisualStudioVersion = 15.0.26124.0
Project("{2150E333-8FDC-42A3-9474-1A3956D46DE8}") = "src", "src", "{6750A61D-1742-4671-9BAB-236B23545921}"
EndProject
Project("{FAE04EC0-301F-11D3-BF4B-00C04F79EFBC}") = "Finite.Cpp.Build.Tasks", "src\Tasks\Finite.Cpp.Build.Tasks.csproj", "{C272B5E2-81EF-4DCA-AD38-4386B2EE9285}"
EndProject
Project("{E41EF8FB-EF3C-45F8-BCA4-002134D8BBA0}") = "Finite.Cpp.Sdk", "src\Core\Finite.Cpp.Sdk.pkgproj", "{83021E96-F66C-42B6-975E-5390AB8F9B2D}"
EndProject
Project("{2150E333-8FDC-42A3-9474-1A3956D46DE8}") = "samples", "samples", "{E8CDF33B-FD28-4C70-9385-733257AC5A22}"
EndProject
Project("{F696B764-8749-4125-AB65-AF945699AF34}") = "HelloWorld", "samples\HelloWorldC\HelloWorld.cproj", "{50BC5FA5-6652-4DB9-AEC3-7990FB97AD77}"
EndProject
Global
	GlobalSection(SolutionConfigurationPlatforms) = preSolution
		Debug|Any CPU = Debug|Any CPU
		Debug|x64 = Debug|x64
		Debug|x86 = Debug|x86
		Release|Any CPU = Release|Any CPU
		Release|x64 = Release|x64
		Release|x86 = Release|x86
	EndGlobalSection
	GlobalSection(SolutionProperties) = preSolution
		HideSolutionNode = FALSE
	EndGlobalSection
	GlobalSection(ProjectConfigurationPlatforms) = postSolution
		{C272B5E2-81EF-4DCA-AD38-4386B2EE9285}.Debug|Any CPU.ActiveCfg = Debug|Any CPU
		{C272B5E2-81EF-4DCA-AD38-4386B2EE9285}.Debug|Any CPU.Build.0 = Debug|Any CPU
		{C272B5E2-81EF-4DCA-AD38-4386B2EE9285}.Debug|x64.ActiveCfg = Debug|Any CPU
		{C272B5E2-81EF-4DCA-AD38-4386B2EE9285}.Debug|x64.Build.0 = Debug|Any CPU
		{C272B5E2-81EF-4DCA-AD38-4386B2EE9285}.Debug|x86.ActiveCfg = Debug|Any CPU
		{C272B5E2-81EF-4DCA-AD38-4386B2EE9285}.Debug|x86.Build.0 = Debug|Any CPU
		{C272B5E2-81EF-4DCA-AD38-4386B2EE9285}.Release|Any CPU.ActiveCfg = Release|Any CPU
		{C272B5E2-81EF-4DCA-AD38-4386B2EE9285}.Release|Any CPU.Build.0 = Release|Any CPU
		{C272B5E2-81EF-4DCA-AD38-4386B2EE9285}.Release|x64.ActiveCfg = Release|Any CPU
		{C272B5E2-81EF-4DCA-AD38-4386B2EE9285}.Release|x64.Build.0 = Release|Any CPU
		{C272B5E2-81EF-4DCA-AD38-4386B2EE9285}.Release|x86.ActiveCfg = Release|Any CPU
		{C272B5E2-81EF-4DCA-AD38-4386B2EE9285}.Release|x86.Build.0 = Release|Any CPU
		{83021E96-F66C-42B6-975E-5390AB8F9B2D}.Debug|Any CPU.ActiveCfg = Debug|Any CPU
		{83021E96-F66C-42B6-975E-5390AB8F9B2D}.Debug|Any CPU.Build.0 = Debug|Any CPU
		{83021E96-F66C-42B6-975E-5390AB8F9B2D}.Debug|x64.ActiveCfg = Debug|Any CPU
		{83021E96-F66C-42B6-975E-5390AB8F9B2D}.Debug|x64.Build.0 = Debug|Any CPU
		{83021E96-F66C-42B6-975E-5390AB8F9B2D}.Debug|x86.ActiveCfg = Debug|Any CPU
		{83021E96-F66C-42B6-975E-5390AB8F9B2D}.Debug|x86.Build.0 = Debug|Any CPU
		{83021E96-F66C-42B6-975E-5390AB8F9B2D}.Release|Any CPU.ActiveCfg = Debug|Any CPU
		{83021E96-F66C-42B6-975E-5390AB8F9B2D}.Release|Any CPU.Build.0 = Debug|Any CPU
		{83021E96-F66C-42B6-975E-5390AB8F9B2D}.Release|x64.ActiveCfg = Debug|Any CPU
		{83021E96-F66C-42B6-975E-5390AB8F9B2D}.Release|x64.Build.0 = Debug|Any CPU
		{83021E96-F66C-42B6-975E-5390AB8F9B2D}.Release|x86.ActiveCfg = Debug|Any CPU
		{83021E96-F66C-42B6-975E-5390AB8F9B2D}.Release|x86.Build.0 = Debug|Any CPU
		{50BC5FA5-6652-4DB9-AEC3-7990FB97AD77}.Debug|Any CPU.ActiveCfg = Debug|Any CPU
		{50BC5FA5-6652-4DB9-AEC3-7990FB97AD77}.Debug|Any CPU.Build.0 = Debug|Any CPU
		{50BC5FA5-6652-4DB9-AEC3-7990FB97AD77}.Debug|x64.ActiveCfg = Debug|Any CPU
		{50BC5FA5-6652-4DB9-AEC3-7990FB97AD77}.Debug|x64.Build.0 = Debug|Any CPU
		{50BC5FA5-6652-4DB9-AEC3-7990FB97AD77}.Debug|x86.ActiveCfg = Debug|Any CPU
		{50BC5FA5-6652-4DB9-AEC3-7990FB97AD77}.Debug|x86.Build.0 = Debug|Any CPU
		{50BC5FA5-6652-4DB9-AEC3-7990FB97AD77}.Release|Any CPU.ActiveCfg = Debug|Any CPU
		{50BC5FA5-6652-4DB9-AEC3-7990FB97AD77}.Release|Any CPU.Build.0 = Debug|Any CPU
		{50BC5FA5-6652-4DB9-AEC3-7990FB97AD77}.Release|x64.ActiveCfg = Debug|Any CPU
		{50BC5FA5-6652-4DB9-AEC3-7990FB97AD77}.Release|x64.Build.0 = Debug|Any CPU
		{50BC5FA5-6652-4DB9-AEC3-7990FB97AD77}.Release|x86.ActiveCfg = Debug|Any CPU
		{50BC5FA5-6652-4DB9-AEC3-7990FB97AD77}.Release|x86.Build.0 = Debug|Any CPU
	EndGlobalSection
	GlobalSection(NestedProjects) = preSolution
		{C272B5E2-81EF-4DCA-AD38-4386B2EE9285} = {6750A61D-1742-4671-9BAB-236B23545921}
		{83021E96-F66C-42B6-975E-5390AB8F9B2D} = {6750A61D-1742-4671-9BAB-236B23545921}
		{50BC5FA5-6652-4DB9-AEC3-7990FB97AD77} = {E8CDF33B-FD28-4C70-9385-733257AC5A22}
	EndGlobalSection
EndGlobal
