
Microsoft Visual Studio Solution File, Format Version 12.00
# Visual Studio 15
VisualStudioVersion = 15.0.26124.0
MinimumVisualStudioVersion = 15.0.26124.0
Project("{2150E333-8FDC-42A3-9474-1A3956D46DE8}") = "src", "src", "{D63BE145-0B9A-4A0C-834D-EF9E8F007B2D}"
EndProject
Project("{FAE04EC0-301F-11D3-BF4B-00C04F79EFBC}") = "Finite.Cpp.Sdk", "src\Core\Finite.Cpp.Sdk.csproj", "{012461A5-B00E-41AD-8EA1-7866A8B1F8A5}"
EndProject
Global
	GlobalSection(SolutionConfigurationPlatforms) = preSolution
		Debug|Any CPU = Debug|Any CPU
		Debug|x64 = Debug|x64
		Debug|x86 = Debug|x86
		Release|Any CPU = Release|Any CPU
		Release|x64 = Release|x64
		Release|x86 = Release|x86
	EndGlobalSection
	GlobalSection(SolutionProperties) = preSolution
		HideSolutionNode = FALSE
	EndGlobalSection
	GlobalSection(ProjectConfigurationPlatforms) = postSolution
		{012461A5-B00E-41AD-8EA1-7866A8B1F8A5}.Debug|Any CPU.ActiveCfg = Debug|Any CPU
		{012461A5-B00E-41AD-8EA1-7866A8B1F8A5}.Debug|Any CPU.Build.0 = Debug|Any CPU
		{012461A5-B00E-41AD-8EA1-7866A8B1F8A5}.Debug|x64.ActiveCfg = Debug|Any CPU
		{012461A5-B00E-41AD-8EA1-7866A8B1F8A5}.Debug|x64.Build.0 = Debug|Any CPU
		{012461A5-B00E-41AD-8EA1-7866A8B1F8A5}.Debug|x86.ActiveCfg = Debug|Any CPU
		{012461A5-B00E-41AD-8EA1-7866A8B1F8A5}.Debug|x86.Build.0 = Debug|Any CPU
		{012461A5-B00E-41AD-8EA1-7866A8B1F8A5}.Release|Any CPU.ActiveCfg = Release|Any CPU
		{012461A5-B00E-41AD-8EA1-7866A8B1F8A5}.Release|Any CPU.Build.0 = Release|Any CPU
		{012461A5-B00E-41AD-8EA1-7866A8B1F8A5}.Release|x64.ActiveCfg = Release|Any CPU
		{012461A5-B00E-41AD-8EA1-7866A8B1F8A5}.Release|x64.Build.0 = Release|Any CPU
		{012461A5-B00E-41AD-8EA1-7866A8B1F8A5}.Release|x86.ActiveCfg = Release|Any CPU
		{012461A5-B00E-41AD-8EA1-7866A8B1F8A5}.Release|x86.Build.0 = Release|Any CPU
	EndGlobalSection
	GlobalSection(NestedProjects) = preSolution
		{012461A5-B00E-41AD-8EA1-7866A8B1F8A5} = {D63BE145-0B9A-4A0C-834D-EF9E8F007B2D}
	EndGlobalSection
EndGlobal
