
Microsoft Visual Studio Solution File, Format Version 12.00
# Visual Studio 15
VisualStudioVersion = 15.0.26124.0
MinimumVisualStudioVersion = 15.0.26124.0
Project("{F696B764-8749-4125-AB65-AF945699AF34}") = "HelloWorldC", "HelloWorldC\HelloWorldC.cproj", "{EFA74B0E-CB70-4A09-B2C8-89818B6483F2}"
EndProject
Project("{777B85CC-1368-4511-B971-867BABC9623A}") = "HelloWorldCpp", "HelloWorldCpp\HelloWorldCpp.cxxproj", "{1BA261E5-D6E4-427B-93C1-4E7081C26EEF}"
EndProject
Project("{FAE04EC0-301F-11D3-BF4B-00C04F79EFBC}") = "HelloWorldCSharp", "HelloWorldCSharp\HelloWorldCSharp.csproj", "{6082889A-797F-48A7-B388-E802613017B6}"
EndProject
Global
	GlobalSection(SolutionConfigurationPlatforms) = preSolution
		Debug|Native = Debug|Native
		Debug|x64 = Debug|x64
		Debug|x86 = Debug|x86
		Release|Native = Release|Native
		Release|x64 = Release|x64
		Release|x86 = Release|x86
	EndGlobalSection
	GlobalSection(SolutionProperties) = preSolution
		HideSolutionNode = FALSE
	EndGlobalSection
	GlobalSection(ProjectConfigurationPlatforms) = postSolution
		{EFA74B0E-CB70-4A09-B2C8-89818B6483F2}.Debug|Native.ActiveCfg = Debug|Native
		{EFA74B0E-CB70-4A09-B2C8-89818B6483F2}.Debug|Native.Build.0 = Debug|Native
		{EFA74B0E-CB70-4A09-B2C8-89818B6483F2}.Debug|x64.ActiveCfg = Debug|Native
		{EFA74B0E-CB70-4A09-B2C8-89818B6483F2}.Debug|x64.Build.0 = Debug|Native
		{EFA74B0E-CB70-4A09-B2C8-89818B6483F2}.Debug|x86.ActiveCfg = Debug|Native
		{EFA74B0E-CB70-4A09-B2C8-89818B6483F2}.Debug|x86.Build.0 = Debug|Native
		{EFA74B0E-CB70-4A09-B2C8-89818B6483F2}.Release|Native.ActiveCfg = Debug|Native
		{EFA74B0E-CB70-4A09-B2C8-89818B6483F2}.Release|Native.Build.0 = Debug|Native
		{EFA74B0E-CB70-4A09-B2C8-89818B6483F2}.Release|x64.ActiveCfg = Debug|Native
		{EFA74B0E-CB70-4A09-B2C8-89818B6483F2}.Release|x64.Build.0 = Debug|Native
		{EFA74B0E-CB70-4A09-B2C8-89818B6483F2}.Release|x86.ActiveCfg = Debug|Native
		{EFA74B0E-CB70-4A09-B2C8-89818B6483F2}.Release|x86.Build.0 = Debug|Native
		{1BA261E5-D6E4-427B-93C1-4E7081C26EEF}.Debug|Native.ActiveCfg = Debug|Native
		{1BA261E5-D6E4-427B-93C1-4E7081C26EEF}.Debug|Native.Build.0 = Debug|Native
		{1BA261E5-D6E4-427B-93C1-4E7081C26EEF}.Debug|x64.ActiveCfg = Debug|Native
		{1BA261E5-D6E4-427B-93C1-4E7081C26EEF}.Debug|x64.Build.0 = Debug|Native
		{1BA261E5-D6E4-427B-93C1-4E7081C26EEF}.Debug|x86.ActiveCfg = Debug|Native
		{1BA261E5-D6E4-427B-93C1-4E7081C26EEF}.Debug|x86.Build.0 = Debug|Native
		{1BA261E5-D6E4-427B-93C1-4E7081C26EEF}.Release|Native.ActiveCfg = Release|Native
		{1BA261E5-D6E4-427B-93C1-4E7081C26EEF}.Release|Native.Build.0 = Release|Native
		{1BA261E5-D6E4-427B-93C1-4E7081C26EEF}.Release|x64.ActiveCfg = Release|Native
		{1BA261E5-D6E4-427B-93C1-4E7081C26EEF}.Release|x64.Build.0 = Release|Native
		{1BA261E5-D6E4-427B-93C1-4E7081C26EEF}.Release|x86.ActiveCfg = Release|Native
		{1BA261E5-D6E4-427B-93C1-4E7081C26EEF}.Release|x86.Build.0 = Release|Native
		{6082889A-797F-48A7-B388-E802613017B6}.Debug|Native.ActiveCfg = Debug|Any CPU
		{6082889A-797F-48A7-B388-E802613017B6}.Debug|Native.Build.0 = Debug|Any CPU
		{6082889A-797F-48A7-B388-E802613017B6}.Debug|x64.ActiveCfg = Debug|Any CPU
		{6082889A-797F-48A7-B388-E802613017B6}.Debug|x64.Build.0 = Debug|Any CPU
		{6082889A-797F-48A7-B388-E802613017B6}.Debug|x86.ActiveCfg = Debug|Any CPU
		{6082889A-797F-48A7-B388-E802613017B6}.Debug|x86.Build.0 = Debug|Any CPU
		{6082889A-797F-48A7-B388-E802613017B6}.Release|Native.ActiveCfg = Release|Any CPU
		{6082889A-797F-48A7-B388-E802613017B6}.Release|Native.Build.0 = Release|Any CPU
		{6082889A-797F-48A7-B388-E802613017B6}.Release|x64.ActiveCfg = Release|Any CPU
		{6082889A-797F-48A7-B388-E802613017B6}.Release|x64.Build.0 = Release|Any CPU
		{6082889A-797F-48A7-B388-E802613017B6}.Release|x86.ActiveCfg = Release|Any CPU
		{6082889A-797F-48A7-B388-E802613017B6}.Release|x86.Build.0 = Release|Any CPU
	EndGlobalSection
EndGlobal
